
Microsoft Visual Studio Solution File, Format Version 12.00
# Visual Studio Version 17
VisualStudioVersion = 17.9.34728.123
MinimumVisualStudioVersion = 10.0.40219.1
Project("{9A19103F-16F7-4668-BE54-9A1E7A4F7556}") = "Tesira-DSP-EPI.4Series", "src\Tesira-DSP-EPI.4Series.csproj", "{88167D44-2BA8-4F4A-A58E-CF47E1F3871F}"
EndProject
Project("{2150E333-8FDC-42A3-9474-1A3956D46DE8}") = "tests", "tests", "{0AB3BF05-4346-4AA6-1389-037BE0695223}"
EndProject
Project("{FAE04EC0-301F-11D3-BF4B-00C04F79EFBC}") = "Tesira-DSP-EPI.Tests", "tests\Tesira-DSP-EPI.Tests.csproj", "{ED6D3301-274B-4A5E-91E5-987A85E5768C}"
EndProject
Global
	GlobalSection(SolutionConfigurationPlatforms) = preSolution
		Debug|Any CPU = Debug|Any CPU
		Debug|x64 = Debug|x64
		Debug|x86 = Debug|x86
		Release|Any CPU = Release|Any CPU
		Release|x64 = Release|x64
		Release|x86 = Release|x86
	EndGlobalSection
	GlobalSection(ProjectConfigurationPlatforms) = postSolution
		{88167D44-2BA8-4F4A-A58E-CF47E1F3871F}.Debug|Any CPU.ActiveCfg = Debug|Any CPU
		{88167D44-2BA8-4F4A-A58E-CF47E1F3871F}.Debug|Any CPU.Build.0 = Debug|Any CPU
		{88167D44-2BA8-4F4A-A58E-CF47E1F3871F}.Debug|x64.ActiveCfg = Debug|Any CPU
		{88167D44-2BA8-4F4A-A58E-CF47E1F3871F}.Debug|x64.Build.0 = Debug|Any CPU
		{88167D44-2BA8-4F4A-A58E-CF47E1F3871F}.Debug|x86.ActiveCfg = Debug|Any CPU
		{88167D44-2BA8-4F4A-A58E-CF47E1F3871F}.Debug|x86.Build.0 = Debug|Any CPU
		{88167D44-2BA8-4F4A-A58E-CF47E1F3871F}.Release|Any CPU.ActiveCfg = Release|Any CPU
		{88167D44-2BA8-4F4A-A58E-CF47E1F3871F}.Release|Any CPU.Build.0 = Release|Any CPU
		{88167D44-2BA8-4F4A-A58E-CF47E1F3871F}.Release|x64.ActiveCfg = Release|Any CPU
		{88167D44-2BA8-4F4A-A58E-CF47E1F3871F}.Release|x64.Build.0 = Release|Any CPU
		{88167D44-2BA8-4F4A-A58E-CF47E1F3871F}.Release|x86.ActiveCfg = Release|Any CPU
		{88167D44-2BA8-4F4A-A58E-CF47E1F3871F}.Release|x86.Build.0 = Release|Any CPU
		{ED6D3301-274B-4A5E-91E5-987A85E5768C}.Debug|Any CPU.ActiveCfg = Debug|Any CPU
		{ED6D3301-274B-4A5E-91E5-987A85E5768C}.Debug|Any CPU.Build.0 = Debug|Any CPU
		{ED6D3301-274B-4A5E-91E5-987A85E5768C}.Debug|x64.ActiveCfg = Debug|Any CPU
		{ED6D3301-274B-4A5E-91E5-987A85E5768C}.Debug|x64.Build.0 = Debug|Any CPU
		{ED6D3301-274B-4A5E-91E5-987A85E5768C}.Debug|x86.ActiveCfg = Debug|Any CPU
		{ED6D3301-274B-4A5E-91E5-987A85E5768C}.Debug|x86.Build.0 = Debug|Any CPU
		{ED6D3301-274B-4A5E-91E5-987A85E5768C}.Release|Any CPU.ActiveCfg = Release|Any CPU
		{ED6D3301-274B-4A5E-91E5-987A85E5768C}.Release|Any CPU.Build.0 = Release|Any CPU
		{ED6D3301-274B-4A5E-91E5-987A85E5768C}.Release|x64.ActiveCfg = Release|Any CPU
		{ED6D3301-274B-4A5E-91E5-987A85E5768C}.Release|x64.Build.0 = Release|Any CPU
		{ED6D3301-274B-4A5E-91E5-987A85E5768C}.Release|x86.ActiveCfg = Release|Any CPU
		{ED6D3301-274B-4A5E-91E5-987A85E5768C}.Release|x86.Build.0 = Release|Any CPU
	EndGlobalSection
	GlobalSection(SolutionProperties) = preSolution
		HideSolutionNode = FALSE
	EndGlobalSection
	GlobalSection(NestedProjects) = preSolution
		{ED6D3301-274B-4A5E-91E5-987A85E5768C} = {0AB3BF05-4346-4AA6-1389-037BE0695223}
	EndGlobalSection
	GlobalSection(ExtensibilityGlobals) = postSolution
		SolutionGuid = {DE2F0231-D523-4A8D-94F6-C35589E0784F}
	EndGlobalSection
EndGlobal
